
Microsoft Visual Studio Solution File, Format Version 12.00
# Visual Studio Version 17
VisualStudioVersion = 17.6.33717.318
MinimumVisualStudioVersion = 10.0.40219.1
Project("{8BC9CEB8-8B4A-11D0-8D11-00A0C91BC942}") = "Atividade 1", "Atividade 1.vcxproj", "{F731DCD7-53E7-46B6-B710-9E00E4142DCE}"
EndProject
Global
	GlobalSection(SolutionConfigurationPlatforms) = preSolution
		Debug|x64 = Debug|x64
		Debug|x86 = Debug|x86
		Release|x64 = Release|x64
		Release|x86 = Release|x86
	EndGlobalSection
	GlobalSection(ProjectConfigurationPlatforms) = postSolution
		{F731DCD7-53E7-46B6-B710-9E00E4142DCE}.Debug|x64.ActiveCfg = Debug|x64
		{F731DCD7-53E7-46B6-B710-9E00E4142DCE}.Debug|x64.Build.0 = Debug|x64
		{F731DCD7-53E7-46B6-B710-9E00E4142DCE}.Debug|x86.ActiveCfg = Debug|Win32
		{F731DCD7-53E7-46B6-B710-9E00E4142DCE}.Debug|x86.Build.0 = Debug|Win32
		{F731DCD7-53E7-46B6-B710-9E00E4142DCE}.Release|x64.ActiveCfg = Release|x64
		{F731DCD7-53E7-46B6-B710-9E00E4142DCE}.Release|x64.Build.0 = Release|x64
		{F731DCD7-53E7-46B6-B710-9E00E4142DCE}.Release|x86.ActiveCfg = Release|Win32
		{F731DCD7-53E7-46B6-B710-9E00E4142DCE}.Release|x86.Build.0 = Release|Win32
	EndGlobalSection
	GlobalSection(SolutionProperties) = preSolution
		HideSolutionNode = FALSE
	EndGlobalSection
	GlobalSection(ExtensibilityGlobals) = postSolution
		SolutionGuid = {6548172D-30A5-46E9-B8A6-A6F5B2C10F54}
	EndGlobalSection
EndGlobal
